// !$*UTF8*$!
{
	archiveVersion = 1;
	classes = {
	};
	objectVersion = 46;
	objects = {

/* Begin PBXBuildFile section */
		E602DD9F1EBC58E10027D7A2 /* Alamofire.framework in Resources */ = {isa = PBXBuildFile; fileRef = E602DD961EBC58820027D7A2 /* Alamofire.framework */; };
		E602DDA01EBC58E10027D7A2 /* SwiftyJSON.framework in Resources */ = {isa = PBXBuildFile; fileRef = E602DD971EBC58820027D7A2 /* SwiftyJSON.framework */; };
		E602DDA11EBC590B0027D7A2 /* Alamofire.framework in Frameworks */ = {isa = PBXBuildFile; fileRef = E602DD961EBC58820027D7A2 /* Alamofire.framework */; };
		E602DDA21EBC590B0027D7A2 /* Alamofire.framework in Embed Frameworks */ = {isa = PBXBuildFile; fileRef = E602DD961EBC58820027D7A2 /* Alamofire.framework */; settings = {ATTRIBUTES = (CodeSignOnCopy, RemoveHeadersOnCopy, ); }; };
		E602DDA31EBC590B0027D7A2 /* SwiftyJSON.framework in Frameworks */ = {isa = PBXBuildFile; fileRef = E602DD971EBC58820027D7A2 /* SwiftyJSON.framework */; };
		E602DDA41EBC590B0027D7A2 /* SwiftyJSON.framework in Embed Frameworks */ = {isa = PBXBuildFile; fileRef = E602DD971EBC58820027D7A2 /* SwiftyJSON.framework */; settings = {ATTRIBUTES = (CodeSignOnCopy, RemoveHeadersOnCopy, ); }; };
		E63570151EB2460100B36915 /* AppDelegate.swift in Sources */ = {isa = PBXBuildFile; fileRef = E63570141EB2460100B36915 /* AppDelegate.swift */; };
		E63570171EB2460100B36915 /* LoginViewController.swift in Sources */ = {isa = PBXBuildFile; fileRef = E63570161EB2460100B36915 /* LoginViewController.swift */; };
		E635701A1EB2460100B36915 /* Main.storyboard in Resources */ = {isa = PBXBuildFile; fileRef = E63570181EB2460100B36915 /* Main.storyboard */; };
		E635701F1EB2460100B36915 /* Assets.xcassets in Resources */ = {isa = PBXBuildFile; fileRef = E635701E1EB2460100B36915 /* Assets.xcassets */; };
		E63570221EB2460100B36915 /* LaunchScreen.storyboard in Resources */ = {isa = PBXBuildFile; fileRef = E63570201EB2460100B36915 /* LaunchScreen.storyboard */; };
		E635702A1EB2462E00B36915 /* FindIPViewController.swift in Sources */ = {isa = PBXBuildFile; fileRef = E63570291EB2462E00B36915 /* FindIPViewController.swift */; };
/* End PBXBuildFile section */

/* Begin PBXCopyFilesBuildPhase section */
		E602DDA51EBC590B0027D7A2 /* Embed Frameworks */ = {
			isa = PBXCopyFilesBuildPhase;
			buildActionMask = 2147483647;
			dstPath = "";
			dstSubfolderSpec = 10;
			files = (
				E602DDA41EBC590B0027D7A2 /* SwiftyJSON.framework in Embed Frameworks */,
				E602DDA21EBC590B0027D7A2 /* Alamofire.framework in Embed Frameworks */,
			);
			name = "Embed Frameworks";
			runOnlyForDeploymentPostprocessing = 0;
		};
/* End PBXCopyFilesBuildPhase section */

/* Begin PBXFileReference section */
		E602DD961EBC58820027D7A2 /* Alamofire.framework */ = {isa = PBXFileReference; lastKnownFileType = wrapper.framework; name = Alamofire.framework; path = Carthage/Build/iOS/Alamofire.framework; sourceTree = "<group>"; };
		E602DD971EBC58820027D7A2 /* SwiftyJSON.framework */ = {isa = PBXFileReference; lastKnownFileType = wrapper.framework; name = SwiftyJSON.framework; path = Carthage/Build/iOS/SwiftyJSON.framework; sourceTree = "<group>"; };
		E63570111EB2460100B36915 /* WhereIsTheIP.app */ = {isa = PBXFileReference; explicitFileType = wrapper.application; includeInIndex = 0; path = WhereIsTheIP.app; sourceTree = BUILT_PRODUCTS_DIR; };
		E63570141EB2460100B36915 /* AppDelegate.swift */ = {isa = PBXFileReference; lastKnownFileType = sourcecode.swift; path = AppDelegate.swift; sourceTree = "<group>"; };
		E63570161EB2460100B36915 /* LoginViewController.swift */ = {isa = PBXFileReference; lastKnownFileType = sourcecode.swift; path = LoginViewController.swift; sourceTree = "<group>"; };
		E63570191EB2460100B36915 /* Base */ = {isa = PBXFileReference; lastKnownFileType = file.storyboard; name = Base; path = Base.lproj/Main.storyboard; sourceTree = "<group>"; };
		E635701E1EB2460100B36915 /* Assets.xcassets */ = {isa = PBXFileReference; lastKnownFileType = folder.assetcatalog; path = Assets.xcassets; sourceTree = "<group>"; };
		E63570211EB2460100B36915 /* Base */ = {isa = PBXFileReference; lastKnownFileType = file.storyboard; name = Base; path = Base.lproj/LaunchScreen.storyboard; sourceTree = "<group>"; };
		E63570231EB2460100B36915 /* Info.plist */ = {isa = PBXFileReference; lastKnownFileType = text.plist.xml; path = Info.plist; sourceTree = "<group>"; };
		E63570291EB2462E00B36915 /* FindIPViewController.swift */ = {isa = PBXFileReference; fileEncoding = 4; lastKnownFileType = sourcecode.swift; path = FindIPViewController.swift; sourceTree = "<group>"; };
/* End PBXFileReference section */

/* Begin PBXFrameworksBuildPhase section */
		E635700E1EB2460100B36915 /* Frameworks */ = {
			isa = PBXFrameworksBuildPhase;
			buildActionMask = 2147483647;
			files = (
				E602DDA31EBC590B0027D7A2 /* SwiftyJSON.framework in Frameworks */,
				E602DDA11EBC590B0027D7A2 /* Alamofire.framework in Frameworks */,
			);
			runOnlyForDeploymentPostprocessing = 0;
		};
/* End PBXFrameworksBuildPhase section */

/* Begin PBXGroup section */
		E602DD951EBC58810027D7A2 /* Frameworks */ = {
			isa = PBXGroup;
			children = (
				E602DD961EBC58820027D7A2 /* Alamofire.framework */,
				E602DD971EBC58820027D7A2 /* SwiftyJSON.framework */,
			);
			name = Frameworks;
			sourceTree = "<group>";
		};
		E63570081EB2460100B36915 = {
			isa = PBXGroup;
			children = (
				E63570131EB2460100B36915 /* WhereIsTheIP */,
				E63570121EB2460100B36915 /* Products */,
				E602DD951EBC58810027D7A2 /* Frameworks */,
			);
			sourceTree = "<group>";
		};
		E63570121EB2460100B36915 /* Products */ = {
			isa = PBXGroup;
			children = (
				E63570111EB2460100B36915 /* WhereIsTheIP.app */,
			);
			name = Products;
			sourceTree = "<group>";
		};
		E63570131EB2460100B36915 /* WhereIsTheIP */ = {
			isa = PBXGroup;
			children = (
				E63570141EB2460100B36915 /* AppDelegate.swift */,
				E63570161EB2460100B36915 /* LoginViewController.swift */,
				E63570291EB2462E00B36915 /* FindIPViewController.swift */,
				E63570181EB2460100B36915 /* Main.storyboard */,
				E635701E1EB2460100B36915 /* Assets.xcassets */,
				E63570201EB2460100B36915 /* LaunchScreen.storyboard */,
				E63570231EB2460100B36915 /* Info.plist */,
			);
			path = WhereIsTheIP;
			sourceTree = "<group>";
		};
/* End PBXGroup section */

/* Begin PBXNativeTarget section */
		E63570101EB2460100B36915 /* WhereIsTheIP */ = {
			isa = PBXNativeTarget;
			buildConfigurationList = E63570261EB2460100B36915 /* Build configuration list for PBXNativeTarget "WhereIsTheIP" */;
			buildPhases = (
				E635700D1EB2460100B36915 /* Sources */,
				E635700E1EB2460100B36915 /* Frameworks */,
				E635700F1EB2460100B36915 /* Resources */,
				E602DDA51EBC590B0027D7A2 /* Embed Frameworks */,
			);
			buildRules = (
			);
			dependencies = (
			);
			name = WhereIsTheIP;
			productName = WhereIsTheIP;
			productReference = E63570111EB2460100B36915 /* WhereIsTheIP.app */;
			productType = "com.apple.product-type.application";
		};
/* End PBXNativeTarget section */

/* Begin PBXProject section */
		E63570091EB2460100B36915 /* Project object */ = {
			isa = PBXProject;
			attributes = {
				LastSwiftUpdateCheck = 0830;
				LastUpgradeCheck = 0830;
				ORGANIZATIONNAME = "Pansit Wattana";
				TargetAttributes = {
					E63570101EB2460100B36915 = {
						CreatedOnToolsVersion = 8.3.1;
						ProvisioningStyle = Automatic;
					};
				};
			};
			buildConfigurationList = E635700C1EB2460100B36915 /* Build configuration list for PBXProject "WhereIsTheIP" */;
			compatibilityVersion = "Xcode 3.2";
			developmentRegion = English;
			hasScannedForEncodings = 0;
			knownRegions = (
				en,
				Base,
			);
			mainGroup = E63570081EB2460100B36915;
			productRefGroup = E63570121EB2460100B36915 /* Products */;
			projectDirPath = "";
			projectRoot = "";
			targets = (
				E63570101EB2460100B36915 /* WhereIsTheIP */,
			);
		};
/* End PBXProject section */

/* Begin PBXResourcesBuildPhase section */
		E635700F1EB2460100B36915 /* Resources */ = {
			isa = PBXResourcesBuildPhase;
			buildActionMask = 2147483647;
			files = (
				E602DD9F1EBC58E10027D7A2 /* Alamofire.framework in Resources */,
				E602DDA01EBC58E10027D7A2 /* SwiftyJSON.framework in Resources */,
				E63570221EB2460100B36915 /* LaunchScreen.storyboard in Resources */,
				E635701F1EB2460100B36915 /* Assets.xcassets in Resources */,
				E635701A1EB2460100B36915 /* Main.storyboard in Resources */,
			);
			runOnlyForDeploymentPostprocessing = 0;
		};
/* End PBXResourcesBuildPhase section */

/* Begin PBXSourcesBuildPhase section */
		E635700D1EB2460100B36915 /* Sources */ = {
			isa = PBXSourcesBuildPhase;
			buildActionMask = 2147483647;
			files = (
				E63570171EB2460100B36915 /* LoginViewController.swift in Sources */,
				E635702A1EB2462E00B36915 /* FindIPViewController.swift in Sources */,
				E63570151EB2460100B36915 /* AppDelegate.swift in Sources */,
			);
			runOnlyForDeploymentPostprocessing = 0;
		};
/* End PBXSourcesBuildPhase section */

/* Begin PBXVariantGroup section */
		E63570181EB2460100B36915 /* Main.storyboard */ = {
			isa = PBXVariantGroup;
			children = (
				E63570191EB2460100B36915 /* Base */,
			);
			name = Main.storyboard;
			sourceTree = "<group>";
		};
		E63570201EB2460100B36915 /* LaunchScreen.storyboard */ = {
			isa = PBXVariantGroup;
			children = (
				E63570211EB2460100B36915 /* Base */,
			);
			name = LaunchScreen.storyboard;
			sourceTree = "<group>";
		};
/* End PBXVariantGroup section */

/* Begin XCBuildConfiguration section */
		E63570241EB2460100B36915 /* Debug */ = {
			isa = XCBuildConfiguration;
			buildSettings = {
				ALWAYS_SEARCH_USER_PATHS = NO;
				CLANG_ANALYZER_NONNULL = YES;
				CLANG_ANALYZER_NUMBER_OBJECT_CONVERSION = YES_AGGRESSIVE;
				CLANG_CXX_LANGUAGE_STANDARD = "gnu++0x";
				CLANG_CXX_LIBRARY = "libc++";
				CLANG_ENABLE_MODULES = YES;
				CLANG_ENABLE_OBJC_ARC = YES;
				CLANG_WARN_BOOL_CONVERSION = YES;
				CLANG_WARN_CONSTANT_CONVERSION = YES;
				CLANG_WARN_DIRECT_OBJC_ISA_USAGE = YES_ERROR;
				CLANG_WARN_DOCUMENTATION_COMMENTS = YES;
				CLANG_WARN_EMPTY_BODY = YES;
				CLANG_WARN_ENUM_CONVERSION = YES;
				CLANG_WARN_INFINITE_RECURSION = YES;
				CLANG_WARN_INT_CONVERSION = YES;
				CLANG_WARN_OBJC_ROOT_CLASS = YES_ERROR;
				CLANG_WARN_SUSPICIOUS_MOVE = YES;
				CLANG_WARN_UNREACHABLE_CODE = YES;
				CLANG_WARN__DUPLICATE_METHOD_MATCH = YES;
				"CODE_SIGN_IDENTITY[sdk=iphoneos*]" = "iPhone Developer";
				COPY_PHASE_STRIP = NO;
				DEBUG_INFORMATION_FORMAT = dwarf;
				ENABLE_STRICT_OBJC_MSGSEND = YES;
				ENABLE_TESTABILITY = YES;
				GCC_C_LANGUAGE_STANDARD = gnu99;
				GCC_DYNAMIC_NO_PIC = NO;
				GCC_NO_COMMON_BLOCKS = YES;
				GCC_OPTIMIZATION_LEVEL = 0;
				GCC_PREPROCESSOR_DEFINITIONS = (
					"DEBUG=1",
					"$(inherited)",
				);
				GCC_WARN_64_TO_32_BIT_CONVERSION = YES;
				GCC_WARN_ABOUT_RETURN_TYPE = YES_ERROR;
				GCC_WARN_UNDECLARED_SELECTOR = YES;
				GCC_WARN_UNINITIALIZED_AUTOS = YES_AGGRESSIVE;
				GCC_WARN_UNUSED_FUNCTION = YES;
				GCC_WARN_UNUSED_VARIABLE = YES;
				IPHONEOS_DEPLOYMENT_TARGET = 10.3;
				MTL_ENABLE_DEBUG_INFO = YES;
				ONLY_ACTIVE_ARCH = YES;
				SDKROOT = iphoneos;
				SWIFT_ACTIVE_COMPILATION_CONDITIONS = DEBUG;
				SWIFT_OPTIMIZATION_LEVEL = "-Onone";
			};
			name = Debug;
		};
		E63570251EB2460100B36915 /* Release */ = {
			isa = XCBuildConfiguration;
			buildSettings = {
				ALWAYS_SEARCH_USER_PATHS = NO;
				CLANG_ANALYZER_NONNULL = YES;
				CLANG_ANALYZER_NUMBER_OBJECT_CONVERSION = YES_AGGRESSIVE;
				CLANG_CXX_LANGUAGE_STANDARD = "gnu++0x";
				CLANG_CXX_LIBRARY = "libc++";
				CLANG_ENABLE_MODULES = YES;
				CLANG_ENABLE_OBJC_ARC = YES;
				CLANG_WARN_BOOL_CONVERSION = YES;
				CLANG_WARN_CONSTANT_CONVERSION = YES;
				CLANG_WARN_DIRECT_OBJC_ISA_USAGE = YES_ERROR;
				CLANG_WARN_DOCUMENTATION_COMMENTS = YES;
				CLANG_WARN_EMPTY_BODY = YES;
				CLANG_WARN_ENUM_CONVERSION = YES;
				CLANG_WARN_INFINITE_RECURSION = YES;
				CLANG_WARN_INT_CONVERSION = YES;
				CLANG_WARN_OBJC_ROOT_CLASS = YES_ERROR;
				CLANG_WARN_SUSPICIOUS_MOVE = YES;
				CLANG_WARN_UNREACHABLE_CODE = YES;
				CLANG_WARN__DUPLICATE_METHOD_MATCH = YES;
				"CODE_SIGN_IDENTITY[sdk=iphoneos*]" = "iPhone Developer";
				COPY_PHASE_STRIP = NO;
				DEBUG_INFORMATION_FORMAT = "dwarf-with-dsym";
				ENABLE_NS_ASSERTIONS = NO;
				ENABLE_STRICT_OBJC_MSGSEND = YES;
				GCC_C_LANGUAGE_STANDARD = gnu99;
				GCC_NO_COMMON_BLOCKS = YES;
				GCC_WARN_64_TO_32_BIT_CONVERSION = YES;
				GCC_WARN_ABOUT_RETURN_TYPE = YES_ERROR;
				GCC_WARN_UNDECLARED_SELECTOR = YES;
				GCC_WARN_UNINITIALIZED_AUTOS = YES_AGGRESSIVE;
				GCC_WARN_UNUSED_FUNCTION = YES;
				GCC_WARN_UNUSED_VARIABLE = YES;
				IPHONEOS_DEPLOYMENT_TARGET = 10.3;
				MTL_ENABLE_DEBUG_INFO = NO;
				SDKROOT = iphoneos;
				SWIFT_OPTIMIZATION_LEVEL = "-Owholemodule";
				VALIDATE_PRODUCT = YES;
			};
			name = Release;
		};
		E63570271EB2460100B36915 /* Debug */ = {
			isa = XCBuildConfiguration;
			buildSettings = {
				ASSETCATALOG_COMPILER_APPICON_NAME = AppIcon;
				FRAMEWORK_SEARCH_PATHS = (
					"$(inherited)",
					"$(PROJECT_DIR)/Carthage/Build/iOS",
				);
				INFOPLIST_FILE = WhereIsTheIP/Info.plist;
				LD_RUNPATH_SEARCH_PATHS = "$(inherited) @executable_path/Frameworks";
				PRODUCT_BUNDLE_IDENTIFIER = Jjinwinw.WhereIsTheIP;
				PRODUCT_NAME = "$(TARGET_NAME)";
				SWIFT_VERSION = 3.0;
			};
			name = Debug;
		};
		E63570281EB2460100B36915 /* Release */ = {
			isa = XCBuildConfiguration;
			buildSettings = {
				ASSETCATALOG_COMPILER_APPICON_NAME = AppIcon;
				FRAMEWORK_SEARCH_PATHS = (
					"$(inherited)",
					"$(PROJECT_DIR)/Carthage/Build/iOS",
				);
				INFOPLIST_FILE = WhereIsTheIP/Info.plist;
				LD_RUNPATH_SEARCH_PATHS = "$(inherited) @executable_path/Frameworks";
				PRODUCT_BUNDLE_IDENTIFIER = Jjinwinw.WhereIsTheIP;
				PRODUCT_NAME = "$(TARGET_NAME)";
				SWIFT_VERSION = 3.0;
			};
			name = Release;
		};
/* End XCBuildConfiguration section */

/* Begin XCConfigurationList section */
		E635700C1EB2460100B36915 /* Build configuration list for PBXProject "WhereIsTheIP" */ = {
			isa = XCConfigurationList;
			buildConfigurations = (
				E63570241EB2460100B36915 /* Debug */,
				E63570251EB2460100B36915 /* Release */,
			);
			defaultConfigurationIsVisible = 0;
			defaultConfigurationName = Release;
		};
		E63570261EB2460100B36915 /* Build configuration list for PBXNativeTarget "WhereIsTheIP" */ = {
			isa = XCConfigurationList;
			buildConfigurations = (
				E63570271EB2460100B36915 /* Debug */,
				E63570281EB2460100B36915 /* Release */,
			);
			defaultConfigurationIsVisible = 0;
			defaultConfigurationName = Release;
		};
/* End XCConfigurationList section */
	};
	rootObject = E63570091EB2460100B36915 /* Project object */;
}
